
Microsoft Visual Studio Solution File, Format Version 11.00
# Visual Studio 2010
Project("{FAE04EC0-301F-11D3-BF4B-00C04F79EFBC}") = "TweetHarbor", "TweetHarbor\TweetHarbor.csproj", "{651FBD35-26D7-466B-A6FF-03756CAFBF61}"
EndProject
Project("{FAE04EC0-301F-11D3-BF4B-00C04F79EFBC}") = "TweetHarbor.Tests", "TweetHarbor.Tests\TweetHarbor.Tests.csproj", "{1CA08D2B-8648-4FDD-B837-16499B028B88}"
EndProject
Global
	GlobalSection(SolutionConfigurationPlatforms) = preSolution
		Debug|Any CPU = Debug|Any CPU
		Release|Any CPU = Release|Any CPU
	EndGlobalSection
	GlobalSection(ProjectConfigurationPlatforms) = postSolution
		{651FBD35-26D7-466B-A6FF-03756CAFBF61}.Debug|Any CPU.ActiveCfg = Debug|Any CPU
		{651FBD35-26D7-466B-A6FF-03756CAFBF61}.Debug|Any CPU.Build.0 = Debug|Any CPU
		{651FBD35-26D7-466B-A6FF-03756CAFBF61}.Release|Any CPU.ActiveCfg = Release|Any CPU
		{651FBD35-26D7-466B-A6FF-03756CAFBF61}.Release|Any CPU.Build.0 = Release|Any CPU
		{1CA08D2B-8648-4FDD-B837-16499B028B88}.Debug|Any CPU.ActiveCfg = Debug|Any CPU
		{1CA08D2B-8648-4FDD-B837-16499B028B88}.Debug|Any CPU.Build.0 = Debug|Any CPU
		{1CA08D2B-8648-4FDD-B837-16499B028B88}.Release|Any CPU.ActiveCfg = Release|Any CPU
		{1CA08D2B-8648-4FDD-B837-16499B028B88}.Release|Any CPU.Build.0 = Release|Any CPU
	EndGlobalSection
	GlobalSection(SolutionProperties) = preSolution
		HideSolutionNode = FALSE
	EndGlobalSection
EndGlobal
